<Solution>
  <Project Path="InSeconds.Api.IntegrationTests/InSeconds.Api.IntegrationTests.csproj" />
  <Project Path="InSeconds.Api.UnitTests/InSeconds.Api.UnitTests.csproj" />
  <Project Path="InSeconds.Api/InSeconds.Api.csproj" />
  <Project Path="../../docker-compose.dcproj">
    <Build />
  </Project>
</Solution>
